
Microsoft Visual Studio Solution File, Format Version 12.00
# Visual Studio Version 16
VisualStudioVersion = 16.0.30804.86
MinimumVisualStudioVersion = 10.0.40219.1
Project("{9A19103F-16F7-4668-BE54-9A1E7A4F7556}") = "EVenda.Estoque.API", "EVenda.Estoque.API\EVenda.Estoque.API.csproj", "{C13C7A35-8CD9-4019-AC72-71DA2EA2A0B8}"
EndProject
Project("{9A19103F-16F7-4668-BE54-9A1E7A4F7556}") = "EVenda.Estoque.Business", "EVenda.Estoque.Business\EVenda.Estoque.Business.csproj", "{7088A33A-AF9A-495A-A54A-CDB32B5BF0A3}"
EndProject
Project("{9A19103F-16F7-4668-BE54-9A1E7A4F7556}") = "EVenda.Estoque.Data", "EVenda.Estoque.Data\EVenda.Estoque.Data.csproj", "{DE6D4A6B-AD60-41A2-8C2A-3E266F51CA01}"
EndProject
Project("{9A19103F-16F7-4668-BE54-9A1E7A4F7556}") = "EVenda.Estoque.Utils", "EVenda.Estoque.Utils\EVenda.Estoque.Utils.csproj", "{D42AD134-A8BA-4542-80FB-F3C1A1F8DCC3}"
EndProject
Global
	GlobalSection(SolutionConfigurationPlatforms) = preSolution
		Debug|Any CPU = Debug|Any CPU
		Release|Any CPU = Release|Any CPU
	EndGlobalSection
	GlobalSection(ProjectConfigurationPlatforms) = postSolution
		{C13C7A35-8CD9-4019-AC72-71DA2EA2A0B8}.Debug|Any CPU.ActiveCfg = Debug|Any CPU
		{C13C7A35-8CD9-4019-AC72-71DA2EA2A0B8}.Debug|Any CPU.Build.0 = Debug|Any CPU
		{C13C7A35-8CD9-4019-AC72-71DA2EA2A0B8}.Release|Any CPU.ActiveCfg = Release|Any CPU
		{C13C7A35-8CD9-4019-AC72-71DA2EA2A0B8}.Release|Any CPU.Build.0 = Release|Any CPU
		{7088A33A-AF9A-495A-A54A-CDB32B5BF0A3}.Debug|Any CPU.ActiveCfg = Debug|Any CPU
		{7088A33A-AF9A-495A-A54A-CDB32B5BF0A3}.Debug|Any CPU.Build.0 = Debug|Any CPU
		{7088A33A-AF9A-495A-A54A-CDB32B5BF0A3}.Release|Any CPU.ActiveCfg = Release|Any CPU
		{7088A33A-AF9A-495A-A54A-CDB32B5BF0A3}.Release|Any CPU.Build.0 = Release|Any CPU
		{DE6D4A6B-AD60-41A2-8C2A-3E266F51CA01}.Debug|Any CPU.ActiveCfg = Debug|Any CPU
		{DE6D4A6B-AD60-41A2-8C2A-3E266F51CA01}.Debug|Any CPU.Build.0 = Debug|Any CPU
		{DE6D4A6B-AD60-41A2-8C2A-3E266F51CA01}.Release|Any CPU.ActiveCfg = Release|Any CPU
		{DE6D4A6B-AD60-41A2-8C2A-3E266F51CA01}.Release|Any CPU.Build.0 = Release|Any CPU
		{D42AD134-A8BA-4542-80FB-F3C1A1F8DCC3}.Debug|Any CPU.ActiveCfg = Debug|Any CPU
		{D42AD134-A8BA-4542-80FB-F3C1A1F8DCC3}.Debug|Any CPU.Build.0 = Debug|Any CPU
		{D42AD134-A8BA-4542-80FB-F3C1A1F8DCC3}.Release|Any CPU.ActiveCfg = Release|Any CPU
		{D42AD134-A8BA-4542-80FB-F3C1A1F8DCC3}.Release|Any CPU.Build.0 = Release|Any CPU
	EndGlobalSection
	GlobalSection(SolutionProperties) = preSolution
		HideSolutionNode = FALSE
	EndGlobalSection
	GlobalSection(ExtensibilityGlobals) = postSolution
		SolutionGuid = {EBE5F2A0-9E30-429C-9CBA-282B4B7C40DA}
	EndGlobalSection
EndGlobal
